
Microsoft Visual Studio Solution File, Format Version 12.00
# Visual Studio 2013
VisualStudioVersion = 12.0.31101.0
MinimumVisualStudioVersion = 10.0.40219.1
Project("{FAE04EC0-301F-11D3-BF4B-00C04F79EFBC}") = "json01-des01", "json01-des01\json01-des01.csproj", "{E0B476FA-7C75-4042-A007-D07734392CF4}"
EndProject
Project("{FAE04EC0-301F-11D3-BF4B-00C04F79EFBC}") = "json02-dotl01", "json02-dotl01\json02-dotl01.csproj", "{CAE47C47-0482-4341-9729-AC70D767F133}"
EndProject
Project("{FAE04EC0-301F-11D3-BF4B-00C04F79EFBC}") = "json02-ns01", "json02-ns01\json02-ns01.csproj", "{FF241238-79DF-4F90-B3FD-E91207FC9164}"
EndProject
Project("{FAE04EC0-301F-11D3-BF4B-00C04F79EFBC}") = "json02-ns02", "json02-ns02\json02-ns02.csproj", "{E7516F0B-FBCD-4CFE-BEED-94F1A243281D}"
EndProject
Project("{FAE04EC0-301F-11D3-BF4B-00C04F79EFBC}") = "json02-fp01", "json02-fp01\json02-fp01.csproj", "{F2D96B3A-0D87-48F3-96EE-BD8ECC0BDB2B}"
EndProject
Project("{FAE04EC0-301F-11D3-BF4B-00C04F79EFBC}") = "json03-all01", "json03-all01\json03-all01.csproj", "{F0D40B15-F023-4350-813D-11CA569EB908}"
EndProject
Project("{FAE04EC0-301F-11D3-BF4B-00C04F79EFBC}") = "json02-sc01", "json02-sc01\json02-sc01.csproj", "{2DF77AC1-50D0-4480-B300-72646C575B5B}"
EndProject
Project("{FAE04EC0-301F-11D3-BF4B-00C04F79EFBC}") = "json03-all02", "json03-all02\json03-all02.csproj", "{05D3E9EE-AC5A-41EF-B70B-13CCB7F7FE5C}"
EndProject
Project("{FAE04EC0-301F-11D3-BF4B-00C04F79EFBC}") = "json10-lib", "json10-lib\json10-lib.csproj", "{CF483A10-DB7D-48FC-9D07-DDFE8CFD48B5}"
EndProject
Project("{FAE04EC0-301F-11D3-BF4B-00C04F79EFBC}") = "json11-app", "json11-app\json11-app.csproj", "{BF2EA257-C8FA-424B-AF05-AED371B075B3}"
EndProject
Project("{2150E333-8FDC-42A3-9474-1A3956D46DE8}") = "Solution Items", "Solution Items", "{C2B01934-987E-4F69-84F0-45C9B2CF2FBA}"
	ProjectSection(SolutionItems) = preProject
		Local.testsettings = Local.testsettings
	EndProjectSection
EndProject
Project("{FAE04EC0-301F-11D3-BF4B-00C04F79EFBC}") = "json02-vf01", "json02-vf01\json02-vf01.csproj", "{FFB82458-676F-4161-9A43-F6A7B500256E}"
EndProject
Project("{FAE04EC0-301F-11D3-BF4B-00C04F79EFBC}") = "json20-lib", "json20-lib\json20-lib.csproj", "{768BF2F8-6D92-43B5-AB81-4FE073E57E2C}"
EndProject
Project("{FAE04EC0-301F-11D3-BF4B-00C04F79EFBC}") = "json21-app", "json21-app\json21-app.csproj", "{A8872934-6E67-41D7-8B4F-F846547A37D2}"
EndProject
Project("{FAE04EC0-301F-11D3-BF4B-00C04F79EFBC}") = "json01-jp01", "json01-jp01\json01-jp01.csproj", "{079886D3-2FA0-42D8-A825-03F77F5E62C9}"
EndProject
Global
	GlobalSection(SolutionConfigurationPlatforms) = preSolution
		Debug|Any CPU = Debug|Any CPU
		Release|Any CPU = Release|Any CPU
	EndGlobalSection
	GlobalSection(ProjectConfigurationPlatforms) = postSolution
		{E0B476FA-7C75-4042-A007-D07734392CF4}.Debug|Any CPU.ActiveCfg = Debug|Any CPU
		{E0B476FA-7C75-4042-A007-D07734392CF4}.Debug|Any CPU.Build.0 = Debug|Any CPU
		{E0B476FA-7C75-4042-A007-D07734392CF4}.Release|Any CPU.ActiveCfg = Release|Any CPU
		{E0B476FA-7C75-4042-A007-D07734392CF4}.Release|Any CPU.Build.0 = Release|Any CPU
		{CAE47C47-0482-4341-9729-AC70D767F133}.Debug|Any CPU.ActiveCfg = Debug|Any CPU
		{CAE47C47-0482-4341-9729-AC70D767F133}.Debug|Any CPU.Build.0 = Debug|Any CPU
		{CAE47C47-0482-4341-9729-AC70D767F133}.Release|Any CPU.ActiveCfg = Release|Any CPU
		{CAE47C47-0482-4341-9729-AC70D767F133}.Release|Any CPU.Build.0 = Release|Any CPU
		{FF241238-79DF-4F90-B3FD-E91207FC9164}.Debug|Any CPU.ActiveCfg = Debug|Any CPU
		{FF241238-79DF-4F90-B3FD-E91207FC9164}.Debug|Any CPU.Build.0 = Debug|Any CPU
		{FF241238-79DF-4F90-B3FD-E91207FC9164}.Release|Any CPU.ActiveCfg = Release|Any CPU
		{FF241238-79DF-4F90-B3FD-E91207FC9164}.Release|Any CPU.Build.0 = Release|Any CPU
		{E7516F0B-FBCD-4CFE-BEED-94F1A243281D}.Debug|Any CPU.ActiveCfg = Debug|Any CPU
		{E7516F0B-FBCD-4CFE-BEED-94F1A243281D}.Debug|Any CPU.Build.0 = Debug|Any CPU
		{E7516F0B-FBCD-4CFE-BEED-94F1A243281D}.Release|Any CPU.ActiveCfg = Release|Any CPU
		{E7516F0B-FBCD-4CFE-BEED-94F1A243281D}.Release|Any CPU.Build.0 = Release|Any CPU
		{F2D96B3A-0D87-48F3-96EE-BD8ECC0BDB2B}.Debug|Any CPU.ActiveCfg = Debug|Any CPU
		{F2D96B3A-0D87-48F3-96EE-BD8ECC0BDB2B}.Debug|Any CPU.Build.0 = Debug|Any CPU
		{F2D96B3A-0D87-48F3-96EE-BD8ECC0BDB2B}.Release|Any CPU.ActiveCfg = Release|Any CPU
		{F2D96B3A-0D87-48F3-96EE-BD8ECC0BDB2B}.Release|Any CPU.Build.0 = Release|Any CPU
		{F0D40B15-F023-4350-813D-11CA569EB908}.Debug|Any CPU.ActiveCfg = Debug|Any CPU
		{F0D40B15-F023-4350-813D-11CA569EB908}.Debug|Any CPU.Build.0 = Debug|Any CPU
		{F0D40B15-F023-4350-813D-11CA569EB908}.Release|Any CPU.ActiveCfg = Release|Any CPU
		{F0D40B15-F023-4350-813D-11CA569EB908}.Release|Any CPU.Build.0 = Release|Any CPU
		{2DF77AC1-50D0-4480-B300-72646C575B5B}.Debug|Any CPU.ActiveCfg = Debug|Any CPU
		{2DF77AC1-50D0-4480-B300-72646C575B5B}.Debug|Any CPU.Build.0 = Debug|Any CPU
		{2DF77AC1-50D0-4480-B300-72646C575B5B}.Release|Any CPU.ActiveCfg = Release|Any CPU
		{2DF77AC1-50D0-4480-B300-72646C575B5B}.Release|Any CPU.Build.0 = Release|Any CPU
		{05D3E9EE-AC5A-41EF-B70B-13CCB7F7FE5C}.Debug|Any CPU.ActiveCfg = Debug|Any CPU
		{05D3E9EE-AC5A-41EF-B70B-13CCB7F7FE5C}.Debug|Any CPU.Build.0 = Debug|Any CPU
		{05D3E9EE-AC5A-41EF-B70B-13CCB7F7FE5C}.Release|Any CPU.ActiveCfg = Release|Any CPU
		{05D3E9EE-AC5A-41EF-B70B-13CCB7F7FE5C}.Release|Any CPU.Build.0 = Release|Any CPU
		{CF483A10-DB7D-48FC-9D07-DDFE8CFD48B5}.Debug|Any CPU.ActiveCfg = Debug|Any CPU
		{CF483A10-DB7D-48FC-9D07-DDFE8CFD48B5}.Debug|Any CPU.Build.0 = Debug|Any CPU
		{CF483A10-DB7D-48FC-9D07-DDFE8CFD48B5}.Release|Any CPU.ActiveCfg = Release|Any CPU
		{CF483A10-DB7D-48FC-9D07-DDFE8CFD48B5}.Release|Any CPU.Build.0 = Release|Any CPU
		{BF2EA257-C8FA-424B-AF05-AED371B075B3}.Debug|Any CPU.ActiveCfg = Debug|Any CPU
		{BF2EA257-C8FA-424B-AF05-AED371B075B3}.Debug|Any CPU.Build.0 = Debug|Any CPU
		{BF2EA257-C8FA-424B-AF05-AED371B075B3}.Release|Any CPU.ActiveCfg = Release|Any CPU
		{BF2EA257-C8FA-424B-AF05-AED371B075B3}.Release|Any CPU.Build.0 = Release|Any CPU
		{FFB82458-676F-4161-9A43-F6A7B500256E}.Debug|Any CPU.ActiveCfg = Debug|Any CPU
		{FFB82458-676F-4161-9A43-F6A7B500256E}.Debug|Any CPU.Build.0 = Debug|Any CPU
		{FFB82458-676F-4161-9A43-F6A7B500256E}.Release|Any CPU.ActiveCfg = Release|Any CPU
		{FFB82458-676F-4161-9A43-F6A7B500256E}.Release|Any CPU.Build.0 = Release|Any CPU
		{768BF2F8-6D92-43B5-AB81-4FE073E57E2C}.Debug|Any CPU.ActiveCfg = Debug|Any CPU
		{768BF2F8-6D92-43B5-AB81-4FE073E57E2C}.Debug|Any CPU.Build.0 = Debug|Any CPU
		{768BF2F8-6D92-43B5-AB81-4FE073E57E2C}.Release|Any CPU.ActiveCfg = Release|Any CPU
		{768BF2F8-6D92-43B5-AB81-4FE073E57E2C}.Release|Any CPU.Build.0 = Release|Any CPU
		{A8872934-6E67-41D7-8B4F-F846547A37D2}.Debug|Any CPU.ActiveCfg = Debug|Any CPU
		{A8872934-6E67-41D7-8B4F-F846547A37D2}.Debug|Any CPU.Build.0 = Debug|Any CPU
		{A8872934-6E67-41D7-8B4F-F846547A37D2}.Release|Any CPU.ActiveCfg = Release|Any CPU
		{A8872934-6E67-41D7-8B4F-F846547A37D2}.Release|Any CPU.Build.0 = Release|Any CPU
		{079886D3-2FA0-42D8-A825-03F77F5E62C9}.Debug|Any CPU.ActiveCfg = Debug|Any CPU
		{079886D3-2FA0-42D8-A825-03F77F5E62C9}.Debug|Any CPU.Build.0 = Debug|Any CPU
		{079886D3-2FA0-42D8-A825-03F77F5E62C9}.Release|Any CPU.ActiveCfg = Release|Any CPU
		{079886D3-2FA0-42D8-A825-03F77F5E62C9}.Release|Any CPU.Build.0 = Release|Any CPU
	EndGlobalSection
	GlobalSection(SolutionProperties) = preSolution
		HideSolutionNode = FALSE
	EndGlobalSection
EndGlobal
